<?xml version="1.0" encoding="utf-8"?>
<Project ToolsVersion="4.0" xmlns="http://schemas.microsoft.com/developer/msbuild/2003">
  <ItemGroup>
    <Filter Include="Source Files">
      <UniqueIdentifier>{4FC737F1-C7A5-4376-A066-2A32D752A2FF}</UniqueIdentifier>
      <Extensions>cpp;c;cc;cxx;c++;cppm;ixx;def;odl;idl;hpj;bat;asm;asmx</Extensions>
    </Filter>
    <Filter Include="Header Files">
      <UniqueIdentifier>{93995380-89BD-4b04-88EB-625FBE52EBFB}</UniqueIdentifier>
      <Extensions>h;hh;hpp;hxx;h++;hm;inl;inc;ipp;xsd</Extensions>
    </Filter>
    <Filter Include="Resource Files">
      <UniqueIdentifier>{67DA6AB6-F800-4c08-8B7A-83BB121AAD01}</UniqueIdentifier>
      <Extensions>rc;ico;cur;bmp;dlg;rc2;rct;bin;rgs;gif;jpg;jpeg;jpe;resx;tiff;tif;png;wav;mfcribbon-ms</Extensions>
    </Filter>
  </ItemGroup>
  <ItemGroup>
    <ClCompile Include="src\data_importer.cpp">
      <Filter>Source Files</Filter>
    </ClCompile>
    <ClCompile Include="src\string.cpp">
      <Filter>Source Files</Filter>
    </ClCompile>
    <ClCompile Include="libs\miniz\miniz.c">
      <Filter>Source Files</Filter>
    </ClCompile>
    <ClCompile Include="src\Craft_Jobs.cpp">
      <Filter>Source Files</Filter>
    </ClCompile>
    <ClCompile Include="src\Craft_Actions.cpp">
      <Filter>Source Files</Filter>
    </ClCompile>
    <ClCompile Include="data\Craft_Action_to_Icon_id.c">
      <Filter>Source Files</Filter>
    </ClCompile>
    <ClCompile Include="data\Craft_Job_to_Icon_id.c">
      <Filter>Source Files</Filter>
    </ClCompile>
  </ItemGroup>
  <ItemGroup>
    <ClInclude Include="src\string.h">
      <Filter>Header Files</Filter>
    </ClInclude>
    <ClInclude Include="src\libs\miniz.h">
      <Filter>Header Files</Filter>
    </ClInclude>
    <ClInclude Include="src\defer.h">
      <Filter>Header Files</Filter>
    </ClInclude>
    <ClInclude Include="src\Array.h">
      <Filter>Header Files</Filter>
    </ClInclude>
    <ClInclude Include="src\libs\csv.h">
      <Filter>Header Files</Filter>
    </ClInclude>
    <ClInclude Include="libs\miniz\miniz.h">
      <Filter>Header Files</Filter>
    </ClInclude>
    <ClInclude Include="libs\bc7e\$bc7e_ispc.h">
      <Filter>Header Files</Filter>
    </ClInclude>
    <ClInclude Include="libs\stb\stb_image.h">
      <Filter>Header Files</Filter>
    </ClInclude>
    <ClInclude Include="libs\stb\stb_rect_pack.h">
      <Filter>Header Files</Filter>
    </ClInclude>
    <ClInclude Include="data\Craft_Action_to_Icon_id.h">
      <Filter>Header Files</Filter>
    </ClInclude>
    <ClInclude Include="src\Craft_Jobs.h">
      <Filter>Header Files</Filter>
    </ClInclude>
    <ClInclude Include="src\Craft_Actions.h">
      <Filter>Header Files</Filter>
    </ClInclude>
    <ClInclude Include="data\Craft_Job_to_Icon_id.h">
      <Filter>Header Files</Filter>
    </ClInclude>
    <ClInclude Include="libs\stb\stb_image_write.h">
      <Filter>Header Files</Filter>
    </ClInclude>
  </ItemGroup>
  <ItemGroup>
    <Natvis Include="src\string.natvis" />
    <Natvis Include="src\Array.natvis" />
  </ItemGroup>
  <ItemGroup>
    <Object Include="libs\bc7e\$bc7e.obj" />
    <Object Include="libs\bc7e\$bc7e_avx.obj" />
    <Object Include="libs\bc7e\$bc7e_avx2.obj" />
    <Object Include="libs\bc7e\$bc7e_sse2.obj" />
    <Object Include="libs\bc7e\$bc7e_sse4.obj" />
  </ItemGroup>
</Project>